
Microsoft Visual Studio Solution File, Format Version 12.00
# Visual Studio Version 16
VisualStudioVersion = 16.0.30621.155
MinimumVisualStudioVersion = 10.0.40219.1
Project("{FAE04EC0-301F-11D3-BF4B-00C04F79EFBC}") = "SupplyChain", "SupplyChain\SupplyChain.csproj", "{2C5A4388-E2AA-48AD-9ADE-AAAA13DAC357}"
EndProject
Global
	GlobalSection(SolutionConfigurationPlatforms) = preSolution
		Debug|Any CPU = Debug|Any CPU
		Release|Any CPU = Release|Any CPU
	EndGlobalSection
	GlobalSection(ProjectConfigurationPlatforms) = postSolution
		{2C5A4388-E2AA-48AD-9ADE-AAAA13DAC357}.Debug|Any CPU.ActiveCfg = Debug|Any CPU
		{2C5A4388-E2AA-48AD-9ADE-AAAA13DAC357}.Debug|Any CPU.Build.0 = Debug|Any CPU
		{2C5A4388-E2AA-48AD-9ADE-AAAA13DAC357}.Release|Any CPU.ActiveCfg = Release|Any CPU
		{2C5A4388-E2AA-48AD-9ADE-AAAA13DAC357}.Release|Any CPU.Build.0 = Release|Any CPU
	EndGlobalSection
	GlobalSection(SolutionProperties) = preSolution
		HideSolutionNode = FALSE
	EndGlobalSection
	GlobalSection(ExtensibilityGlobals) = postSolution
		SolutionGuid = {4E26206E-912C-4751-8D67-2BC562BFC079}
	EndGlobalSection
EndGlobal
